
Microsoft Visual Studio Solution File, Format Version 12.00
# Visual Studio Version 17
VisualStudioVersion = 17.9.34728.123
MinimumVisualStudioVersion = 10.0.40219.1
Project("{FAE04EC0-301F-11D3-BF4B-00C04F79EFBC}") = "IMC", "IMC\IMC.csproj", "{AD83806F-49E9-4314-8CC2-364E56AE8EBD}"
EndProject
Global
	GlobalSection(SolutionConfigurationPlatforms) = preSolution
		Debug|Any CPU = Debug|Any CPU
		Release|Any CPU = Release|Any CPU
	EndGlobalSection
	GlobalSection(ProjectConfigurationPlatforms) = postSolution
		{AD83806F-49E9-4314-8CC2-364E56AE8EBD}.Debug|Any CPU.ActiveCfg = Debug|Any CPU
		{AD83806F-49E9-4314-8CC2-364E56AE8EBD}.Debug|Any CPU.Build.0 = Debug|Any CPU
		{AD83806F-49E9-4314-8CC2-364E56AE8EBD}.Release|Any CPU.ActiveCfg = Release|Any CPU
		{AD83806F-49E9-4314-8CC2-364E56AE8EBD}.Release|Any CPU.Build.0 = Release|Any CPU
	EndGlobalSection
	GlobalSection(SolutionProperties) = preSolution
		HideSolutionNode = FALSE
	EndGlobalSection
	GlobalSection(ExtensibilityGlobals) = postSolution
		SolutionGuid = {F1C8CD22-893F-49BB-9CFC-74C7EDAD8CAE}
	EndGlobalSection
EndGlobal
